
Microsoft Visual Studio Solution File, Format Version 12.00
# Visual Studio Version 17
VisualStudioVersion = 17.0.31919.166
MinimumVisualStudioVersion = 10.0.40219.1
Project("{9A19103F-16F7-4668-BE54-9A1E7A4F7556}") = "PgAlex1", "PgAlex1.csproj", "{F941DCE5-86A2-45F2-B016-41E0BCFCD37F}"
EndProject
Global
	GlobalSection(SolutionConfigurationPlatforms) = preSolution
		Debug|Any CPU = Debug|Any CPU
		Release|Any CPU = Release|Any CPU
	EndGlobalSection
	GlobalSection(ProjectConfigurationPlatforms) = postSolution
		{F941DCE5-86A2-45F2-B016-41E0BCFCD37F}.Debug|Any CPU.ActiveCfg = Debug|Any CPU
		{F941DCE5-86A2-45F2-B016-41E0BCFCD37F}.Debug|Any CPU.Build.0 = Debug|Any CPU
		{F941DCE5-86A2-45F2-B016-41E0BCFCD37F}.Release|Any CPU.ActiveCfg = Release|Any CPU
		{F941DCE5-86A2-45F2-B016-41E0BCFCD37F}.Release|Any CPU.Build.0 = Release|Any CPU
	EndGlobalSection
	GlobalSection(SolutionProperties) = preSolution
		HideSolutionNode = FALSE
	EndGlobalSection
	GlobalSection(ExtensibilityGlobals) = postSolution
		SolutionGuid = {28D29955-5909-431D-837A-82CD6C96591D}
	EndGlobalSection
EndGlobal
